
Microsoft Visual Studio Solution File, Format Version 12.00
# Visual Studio Version 17
VisualStudioVersion = 17.4.33213.308
MinimumVisualStudioVersion = 10.0.40219.1
Project("{FAE04EC0-301F-11D3-BF4B-00C04F79EFBC}") = "task 6", "task 6\task 6.csproj", "{5B5D3169-7158-401B-8AFE-6DF800662915}"
EndProject
Global
	GlobalSection(SolutionConfigurationPlatforms) = preSolution
		Debug|Any CPU = Debug|Any CPU
		Release|Any CPU = Release|Any CPU
	EndGlobalSection
	GlobalSection(ProjectConfigurationPlatforms) = postSolution
		{5B5D3169-7158-401B-8AFE-6DF800662915}.Debug|Any CPU.ActiveCfg = Debug|Any CPU
		{5B5D3169-7158-401B-8AFE-6DF800662915}.Debug|Any CPU.Build.0 = Debug|Any CPU
		{5B5D3169-7158-401B-8AFE-6DF800662915}.Release|Any CPU.ActiveCfg = Release|Any CPU
		{5B5D3169-7158-401B-8AFE-6DF800662915}.Release|Any CPU.Build.0 = Release|Any CPU
	EndGlobalSection
	GlobalSection(SolutionProperties) = preSolution
		HideSolutionNode = FALSE
	EndGlobalSection
	GlobalSection(ExtensibilityGlobals) = postSolution
		SolutionGuid = {1AF24446-7A55-43C5-881C-5D0B617BBDC4}
	EndGlobalSection
EndGlobal
